Microsoft Visual Studio Solution File, Format Version 12.00
Project("c7a6b330-9ce5-4cdb-ae14-e7fc228b1316") = "GaugeTest", "GaugeTest.csproj", "e8346cd4-8ceb-4907-b478-f3d36ad4cdd5"
EndProject
Global
	GlobalSection(SolutionConfigurationPlatforms) = preSolution
		Debug|Any CPU = Debug|Any CPU
		Release|Any CPU = Release|Any CPU
	EndGlobalSection
	GlobalSection(ProjectConfigurationPlatforms) = postSolution
		e8346cd4-8ceb-4907-b478-f3d36ad4cdd5.Debug|Any CPU.ActiveCfg = Debug|Any CPU
		e8346cd4-8ceb-4907-b478-f3d36ad4cdd5.Debug|Any CPU.Build.0 = Debug|Any CPU
		e8346cd4-8ceb-4907-b478-f3d36ad4cdd5.Release|Any CPU.ActiveCfg = Release|Any CPU
		e8346cd4-8ceb-4907-b478-f3d36ad4cdd5.Release|Any CPU.Build.0 = Release|Any CPU
	EndGlobalSection
	GlobalSection(SolutionProperties) = preSolution
		HideSolutionNode = FALSE
	EndGlobalSection
EndGlobal